// !$*UTF8*$!
{
	archiveVersion = 1;
	classes = {
	};
	objectVersion = 77;
	objects = {

/* Begin PBXBuildFile section */
		09D61080727D9856F6A3588B /* WordWidget.swift in Sources */ = {isa = PBXBuildFile; fileRef = 6E911C1375108796596E7A0B /* WordWidget.swift */; };
		0BFF165D1B1C37B579AF9882 /* emotions.json in Resources */ = {isa = PBXBuildFile; fileRef = 251E69A6F52172455BF1BF41 /* emotions.json */; };
		223036CF8FCA794ED8CB88DB /* WordWidgetView.swift in Sources */ = {isa = PBXBuildFile; fileRef = 5AD252FD12B6844492A537A1 /* WordWidgetView.swift */; };
		3925146D657E43979D31AB56 /* eloquence.json in Resources */ = {isa = PBXBuildFile; fileRef = 05FF478849EC4131AB3D721B /* eloquence.json */; };
		454D75AFB332E44669580C25 /* Cocoa.framework in Frameworks */ = {isa = PBXBuildFile; fileRef = 44AE8128AEAEF5A8205EEF86 /* Cocoa.framework */; };
		4D6488A088DDD6EF3A0E5785 /* words.json in Resources */ = {isa = PBXBuildFile; fileRef = 55C811B3A327A36356E4F0A2 /* words.json */; };
		51D1930D2882FFBC14111DE0 /* Word.swift in Sources */ = {isa = PBXBuildFile; fileRef = D9090519E3AF740D8B3721FE /* Word.swift */; };
		92E2AB170B5A8261678553DE /* WordProvider.swift in Sources */ = {isa = PBXBuildFile; fileRef = 24FFB551199DA0B818E57D55 /* WordProvider.swift */; };
		A546D10CC8A6C1B69CEC2FEF /* philosophy.json in Resources */ = {isa = PBXBuildFile; fileRef = 1B567267BBFDED8FB15FC6DF /* philosophy.json */; };
		A687D06EAAA2104944770B53 /* WordStore.swift in Sources */ = {isa = PBXBuildFile; fileRef = C5CF289F3457ECA946401C67 /* WordStore.swift */; };
		A7B255858D4DE82417020018 /* WordEntry.swift in Sources */ = {isa = PBXBuildFile; fileRef = 6FFA7CFBB6598FD5C51F519F /* WordEntry.swift */; };
		B56FD0A5D31F445CAE847B9D /* curiosities.json in Resources */ = {isa = PBXBuildFile; fileRef = B399C15A3AE14EEE9A87B856 /* curiosities.json */; };
		5A17D0C3E4B8419DA07C1E22 /* startup.json in Resources */ = {isa = PBXBuildFile; fileRef = 7C3B9E1F52D8408BB6A45D01 /* startup.json */; };
		B60F263C0E653908221F11BF /* OneWordWidget.appex in Embed Foundation Extensions */ = {isa = PBXBuildFile; fileRef = 976D178E0321C571C1805FED /* OneWordWidget.appex */; settings = {ATTRIBUTES = (RemoveHeadersOnCopy, ); }; };
		B8E2AAC8E1D188DBCA2275F8 /* medical.json in Resources */ = {isa = PBXBuildFile; fileRef = D9A0BA709520018717D6301B /* medical.json */; };
		C5AB0CCFF565F10B96E1CA8F /* AppGroup.swift in Sources */ = {isa = PBXBuildFile; fileRef = 6F21027AD3F1A04808DD5036 /* AppGroup.swift */; };
		C7DE0372A9DF749F3587093E /* WordTimelineProvider.swift in Sources */ = {isa = PBXBuildFile; fileRef = B23BBFBDE3CE4671C3E12906 /* WordTimelineProvider.swift */; };
		DA0761F51201AE66FDF45E1F /* SavedWords.swift in Sources */ = {isa = PBXBuildFile; fileRef = B2139C626E6D2A9B6EC0D8A2 /* SavedWords.swift */; };
		DE9579143936E10B5687ADC9 /* Theme.swift in Sources */ = {isa = PBXBuildFile; fileRef = A09D9551D935D59C10E8C312 /* Theme.swift */; };
		EB4C2CC16BD7494E853FD315 /* character.json in Resources */ = {isa = PBXBuildFile; fileRef = 434297B093074F93AB824F1C /* character.json */; };
		EBEC398F5303F3C1079E8231 /* RefreshWordIntent.swift in Sources */ = {isa = PBXBuildFile; fileRef = 983BD001F6B3181E50330BCB /* RefreshWordIntent.swift */; };
/* End PBXBuildFile section */

/* Begin PBXContainerItemProxy section */
		A9FF6D7D6741090760131D6A /* PBXContainerItemProxy */ = {
			isa = PBXContainerItemProxy;
			containerPortal = BFCC5B4E3011545500C0FE1F /* Project object */;
			proxyType = 1;
			remoteGlobalIDString = 3B7087291233EA5B1DE5FC7A;
			remoteInfo = OneWordWidget;
		};
/* End PBXContainerItemProxy section */

/* Begin PBXCopyFilesBuildPhase section */
		D2E3BF51C999CB1E40495692 /* Embed Foundation Extensions */ = {
			isa = PBXCopyFilesBuildPhase;
			buildActionMask = 2147483647;
			dstPath = "";
			dstSubfolderSpec = 13;
			files = (
				B60F263C0E653908221F11BF /* OneWordWidget.appex in Embed Foundation Extensions */,
			);
			name = "Embed Foundation Extensions";
			runOnlyForDeploymentPostprocessing = 0;
		};
/* End PBXCopyFilesBuildPhase section */

/* Begin PBXFileReference section */
		05FF478849EC4131AB3D721B /* eloquence.json */ = {isa = PBXFileReference; includeInIndex = 1; lastKnownFileType = text.json; name = eloquence.json; path = OneWord/Shared/eloquence.json; sourceTree = "<group>"; };
		1B567267BBFDED8FB15FC6DF /* philosophy.json */ = {isa = PBXFileReference; includeInIndex = 1; lastKnownFileType = text.json; name = philosophy.json; path = OneWord/Shared/philosophy.json; sourceTree = "<group>"; };
		24FFB551199DA0B818E57D55 /* WordProvider.swift */ = {isa = PBXFileReference; includeInIndex = 1; lastKnownFileType = sourcecode.swift; name = WordProvider.swift; path = OneWord/Shared/WordProvider.swift; sourceTree = "<group>"; };
		251E69A6F52172455BF1BF41 /* emotions.json */ = {isa = PBXFileReference; includeInIndex = 1; lastKnownFileType = text.json; name = emotions.json; path = OneWord/Shared/emotions.json; sourceTree = "<group>"; };
		434297B093074F93AB824F1C /* character.json */ = {isa = PBXFileReference; includeInIndex = 1; lastKnownFileType = text.json; name = character.json; path = OneWord/Shared/character.json; sourceTree = "<group>"; };
		44AE8128AEAEF5A8205EEF86 /* Cocoa.framework */ = {isa = PBXFileReference; lastKnownFileType = wrapper.framework; name = Cocoa.framework; path = Platforms/MacOSX.platform/Developer/SDKs/MacOSX15.0.sdk/System/Library/Frameworks/Cocoa.framework; sourceTree = DEVELOPER_DIR; };
		55C811B3A327A36356E4F0A2 /* words.json */ = {isa = PBXFileReference; includeInIndex = 1; lastKnownFileType = text.json; name = words.json; path = OneWord/Shared/words.json; sourceTree = "<group>"; };
		5AD252FD12B6844492A537A1 /* WordWidgetView.swift */ = {isa = PBXFileReference; includeInIndex = 1; lastKnownFileType = sourcecode.swift; name = WordWidgetView.swift; path = OneWordWidget/WordWidgetView.swift; sourceTree = "<group>"; };
		6E911C1375108796596E7A0B /* WordWidget.swift */ = {isa = PBXFileReference; includeInIndex = 1; lastKnownFileType = sourcecode.swift; name = WordWidget.swift; path = OneWordWidget/WordWidget.swift; sourceTree = "<group>"; };
		6F21027AD3F1A04808DD5036 /* AppGroup.swift */ = {isa = PBXFileReference; includeInIndex = 1; lastKnownFileType = sourcecode.swift; name = AppGroup.swift; path = OneWord/Shared/AppGroup.swift; sourceTree = "<group>"; };
		6FFA7CFBB6598FD5C51F519F /* WordEntry.swift */ = {isa = PBXFileReference; includeInIndex = 1; lastKnownFileType = sourcecode.swift; name = WordEntry.swift; path = OneWordWidget/WordEntry.swift; sourceTree = "<group>"; };
		976D178E0321C571C1805FED /* OneWordWidget.appex */ = {isa = PBXFileReference; explicitFileType = "wrapper.app-extension"; includeInIndex = 0; path = OneWordWidget.appex; sourceTree = BUILT_PRODUCTS_DIR; };
		983BD001F6B3181E50330BCB /* RefreshWordIntent.swift */ = {isa = PBXFileReference; includeInIndex = 1; lastKnownFileType = sourcecode.swift; name = RefreshWordIntent.swift; path = OneWordWidget/RefreshWordIntent.swift; sourceTree = "<group>"; };
		A09D9551D935D59C10E8C312 /* Theme.swift */ = {isa = PBXFileReference; includeInIndex = 1; lastKnownFileType = sourcecode.swift; name = Theme.swift; path = OneWord/Shared/Theme.swift; sourceTree = "<group>"; };
		B2139C626E6D2A9B6EC0D8A2 /* SavedWords.swift */ = {isa = PBXFileReference; includeInIndex = 1; lastKnownFileType = sourcecode.swift; name = SavedWords.swift; path = OneWord/Shared/SavedWords.swift; sourceTree = "<group>"; };
		B23BBFBDE3CE4671C3E12906 /* WordTimelineProvider.swift */ = {isa = PBXFileReference; includeInIndex = 1; lastKnownFileType = sourcecode.swift; name = WordTimelineProvider.swift; path = OneWordWidget/WordTimelineProvider.swift; sourceTree = "<group>"; };
		B399C15A3AE14EEE9A87B856 /* curiosities.json */ = {isa = PBXFileReference; includeInIndex = 1; lastKnownFileType = text.json; name = curiosities.json; path = OneWord/Shared/curiosities.json; sourceTree = "<group>"; };
		7C3B9E1F52D8408BB6A45D01 /* startup.json */ = {isa = PBXFileReference; includeInIndex = 1; lastKnownFileType = text.json; name = startup.json; path = OneWord/Shared/startup.json; sourceTree = "<group>"; };
		BFCC5B563011545500C0FE1F /* One Word.app */ = {isa = PBXFileReference; explicitFileType = wrapper.application; includeInIndex = 0; path = "One Word.app"; sourceTree = BUILT_PRODUCTS_DIR; };
		C5CF289F3457ECA946401C67 /* WordStore.swift */ = {isa = PBXFileReference; includeInIndex = 1; lastKnownFileType = sourcecode.swift; name = WordStore.swift; path = OneWord/Shared/WordStore.swift; sourceTree = "<group>"; };
		D9090519E3AF740D8B3721FE /* Word.swift */ = {isa = PBXFileReference; includeInIndex = 1; lastKnownFileType = sourcecode.swift; name = Word.swift; path = OneWord/Shared/Word.swift; sourceTree = "<group>"; };
		D9A0BA709520018717D6301B /* medical.json */ = {isa = PBXFileReference; includeInIndex = 1; lastKnownFileType = text.json; name = medical.json; path = OneWord/Shared/medical.json; sourceTree = "<group>"; };
/* End PBXFileReference section */

/* Begin PBXFileSystemSynchronizedBuildFileExceptionSet section */
		FAB41878233053B943C68580 /* Exceptions for "OneWord" folder in "OneWord" target */ = {
			isa = PBXFileSystemSynchronizedBuildFileExceptionSet;
			membershipExceptions = (
				Info.plist,
			);
			target = BFCC5B553011545500C0FE1F /* OneWord */;
		};
/* End PBXFileSystemSynchronizedBuildFileExceptionSet section */

/* Begin PBXFileSystemSynchronizedRootGroup section */
		BFCC5B583011545500C0FE1F /* OneWord */ = {
			isa = PBXFileSystemSynchronizedRootGroup;
			exceptions = (
				FAB41878233053B943C68580 /* Exceptions for "OneWord" folder in "OneWord" target */,
			);
			path = OneWord;
			sourceTree = "<group>";
		};
/* End PBXFileSystemSynchronizedRootGroup section */

/* Begin PBXFrameworksBuildPhase section */
		7E730264C2849658BA5978C3 /* Frameworks */ = {
			isa = PBXFrameworksBuildPhase;
			buildActionMask = 2147483647;
			files = (
				454D75AFB332E44669580C25 /* Cocoa.framework in Frameworks */,
			);
			runOnlyForDeploymentPostprocessing = 0;
		};
		BFCC5B533011545500C0FE1F /* Frameworks */ = {
			isa = PBXFrameworksBuildPhase;
			buildActionMask = 2147483647;
			files = (
			);
			runOnlyForDeploymentPostprocessing = 0;
		};
/* End PBXFrameworksBuildPhase section */

/* Begin PBXGroup section */
		190425956760B12850A6BA7E /* OS X */ = {
			isa = PBXGroup;
			children = (
				44AE8128AEAEF5A8205EEF86 /* Cocoa.framework */,
			);
			name = "OS X";
			sourceTree = "<group>";
		};
		660DA6AB7808D2D0208B1301 /* SharedRefs */ = {
			isa = PBXGroup;
			children = (
				D9090519E3AF740D8B3721FE /* Word.swift */,
				24FFB551199DA0B818E57D55 /* WordProvider.swift */,
				55C811B3A327A36356E4F0A2 /* words.json */,
				C5CF289F3457ECA946401C67 /* WordStore.swift */,
				A09D9551D935D59C10E8C312 /* Theme.swift */,
				6F21027AD3F1A04808DD5036 /* AppGroup.swift */,
				251E69A6F52172455BF1BF41 /* emotions.json */,
				1B567267BBFDED8FB15FC6DF /* philosophy.json */,
				D9A0BA709520018717D6301B /* medical.json */,
				434297B093074F93AB824F1C /* character.json */,
				05FF478849EC4131AB3D721B /* eloquence.json */,
				B399C15A3AE14EEE9A87B856 /* curiosities.json */,
				7C3B9E1F52D8408BB6A45D01 /* startup.json */,
				B2139C626E6D2A9B6EC0D8A2 /* SavedWords.swift */,
			);
			name = SharedRefs;
			sourceTree = "<group>";
		};
		77938971AE954C210D1FC7EE /* Frameworks */ = {
			isa = PBXGroup;
			children = (
				190425956760B12850A6BA7E /* OS X */,
			);
			name = Frameworks;
			sourceTree = "<group>";
		};
		B55108BFDE6446D4995E3CA3 /* OneWordWidget */ = {
			isa = PBXGroup;
			children = (
				6FFA7CFBB6598FD5C51F519F /* WordEntry.swift */,
				B23BBFBDE3CE4671C3E12906 /* WordTimelineProvider.swift */,
				6E911C1375108796596E7A0B /* WordWidget.swift */,
				5AD252FD12B6844492A537A1 /* WordWidgetView.swift */,
				983BD001F6B3181E50330BCB /* RefreshWordIntent.swift */,
			);
			name = OneWordWidget;
			sourceTree = SOURCE_ROOT;
		};
		BFCC5B4D3011545500C0FE1F = {
			isa = PBXGroup;
			children = (
				BFCC5B583011545500C0FE1F /* OneWord */,
				BFCC5B573011545500C0FE1F /* Products */,
				77938971AE954C210D1FC7EE /* Frameworks */,
				B55108BFDE6446D4995E3CA3 /* OneWordWidget */,
				660DA6AB7808D2D0208B1301 /* SharedRefs */,
			);
			sourceTree = "<group>";
		};
		BFCC5B573011545500C0FE1F /* Products */ = {
			isa = PBXGroup;
			children = (
				BFCC5B563011545500C0FE1F /* One Word.app */,
				976D178E0321C571C1805FED /* OneWordWidget.appex */,
			);
			name = Products;
			sourceTree = "<group>";
		};
/* End PBXGroup section */

/* Begin PBXNativeTarget section */
		3B7087291233EA5B1DE5FC7A /* OneWordWidget */ = {
			isa = PBXNativeTarget;
			buildConfigurationList = F5B7CB5A41B8B8981B84408D /* Build configuration list for PBXNativeTarget "OneWordWidget" */;
			buildPhases = (
				442CD88AD7EA5333B6146A8B /* Sources */,
				7E730264C2849658BA5978C3 /* Frameworks */,
				B456E8B2F38A6579AA1B5E8C /* Resources */,
			);
			buildRules = (
			);
			dependencies = (
			);
			name = OneWordWidget;
			productName = OneWordWidget;
			productReference = 976D178E0321C571C1805FED /* OneWordWidget.appex */;
			productType = "com.apple.product-type.app-extension";
		};
		BFCC5B553011545500C0FE1F /* OneWord */ = {
			isa = PBXNativeTarget;
			buildConfigurationList = BFCC5B613011545700C0FE1F /* Build configuration list for PBXNativeTarget "OneWord" */;
			buildPhases = (
				BFCC5B523011545500C0FE1F /* Sources */,
				BFCC5B533011545500C0FE1F /* Frameworks */,
				BFCC5B543011545500C0FE1F /* Resources */,
				D2E3BF51C999CB1E40495692 /* Embed Foundation Extensions */,
			);
			buildRules = (
			);
			dependencies = (
				EF6FCFC5A1654959BFC94C0B /* PBXTargetDependency */,
			);
			fileSystemSynchronizedGroups = (
				BFCC5B583011545500C0FE1F /* OneWord */,
			);
			name = OneWord;
			productName = OneWord;
			productReference = BFCC5B563011545500C0FE1F /* One Word.app */;
			productType = "com.apple.product-type.application";
		};
/* End PBXNativeTarget section */

/* Begin PBXProject section */
		BFCC5B4E3011545500C0FE1F /* Project object */ = {
			isa = PBXProject;
			attributes = {
				BuildIndependentTargetsInParallel = 1;
				LastSwiftUpdateCheck = 2660;
				LastUpgradeCheck = 2660;
				TargetAttributes = {
					BFCC5B553011545500C0FE1F = {
						CreatedOnToolsVersion = 26.6;
					};
				};
			};
			buildConfigurationList = BFCC5B513011545500C0FE1F /* Build configuration list for PBXProject "OneWord" */;
			developmentRegion = en;
			hasScannedForEncodings = 0;
			knownRegions = (
				en,
				Base,
			);
			mainGroup = BFCC5B4D3011545500C0FE1F;
			minimizedProjectReferenceProxies = 1;
			preferredProjectObjectVersion = 77;
			productRefGroup = BFCC5B573011545500C0FE1F /* Products */;
			projectDirPath = "";
			projectRoot = "";
			targets = (
				BFCC5B553011545500C0FE1F /* OneWord */,
				3B7087291233EA5B1DE5FC7A /* OneWordWidget */,
			);
		};
/* End PBXProject section */

/* Begin PBXResourcesBuildPhase section */
		B456E8B2F38A6579AA1B5E8C /* Resources */ = {
			isa = PBXResourcesBuildPhase;
			buildActionMask = 2147483647;
			files = (
				4D6488A088DDD6EF3A0E5785 /* words.json in Resources */,
				0BFF165D1B1C37B579AF9882 /* emotions.json in Resources */,
				A546D10CC8A6C1B69CEC2FEF /* philosophy.json in Resources */,
				B8E2AAC8E1D188DBCA2275F8 /* medical.json in Resources */,
				EB4C2CC16BD7494E853FD315 /* character.json in Resources */,
				3925146D657E43979D31AB56 /* eloquence.json in Resources */,
				B56FD0A5D31F445CAE847B9D /* curiosities.json in Resources */,
				5A17D0C3E4B8419DA07C1E22 /* startup.json in Resources */,
			);
			runOnlyForDeploymentPostprocessing = 0;
		};
		BFCC5B543011545500C0FE1F /* Resources */ = {
			isa = PBXResourcesBuildPhase;
			buildActionMask = 2147483647;
			files = (
			);
			runOnlyForDeploymentPostprocessing = 0;
		};
/* End PBXResourcesBuildPhase section */

/* Begin PBXSourcesBuildPhase section */
		442CD88AD7EA5333B6146A8B /* Sources */ = {
			isa = PBXSourcesBuildPhase;
			buildActionMask = 2147483647;
			files = (
				A7B255858D4DE82417020018 /* WordEntry.swift in Sources */,
				C7DE0372A9DF749F3587093E /* WordTimelineProvider.swift in Sources */,
				09D61080727D9856F6A3588B /* WordWidget.swift in Sources */,
				223036CF8FCA794ED8CB88DB /* WordWidgetView.swift in Sources */,
				51D1930D2882FFBC14111DE0 /* Word.swift in Sources */,
				92E2AB170B5A8261678553DE /* WordProvider.swift in Sources */,
				EBEC398F5303F3C1079E8231 /* RefreshWordIntent.swift in Sources */,
				A687D06EAAA2104944770B53 /* WordStore.swift in Sources */,
				DE9579143936E10B5687ADC9 /* Theme.swift in Sources */,
				C5AB0CCFF565F10B96E1CA8F /* AppGroup.swift in Sources */,
				DA0761F51201AE66FDF45E1F /* SavedWords.swift in Sources */,
			);
			runOnlyForDeploymentPostprocessing = 0;
		};
		BFCC5B523011545500C0FE1F /* Sources */ = {
			isa = PBXSourcesBuildPhase;
			buildActionMask = 2147483647;
			files = (
			);
			runOnlyForDeploymentPostprocessing = 0;
		};
/* End PBXSourcesBuildPhase section */

/* Begin PBXTargetDependency section */
		EF6FCFC5A1654959BFC94C0B /* PBXTargetDependency */ = {
			isa = PBXTargetDependency;
			name = OneWordWidget;
			target = 3B7087291233EA5B1DE5FC7A /* OneWordWidget */;
			targetProxy = A9FF6D7D6741090760131D6A /* PBXContainerItemProxy */;
		};
/* End PBXTargetDependency section */

/* Begin XCBuildConfiguration section */
		1A646EB0B06C7F570AD661CC /* Release */ = {
			isa = XCBuildConfiguration;
			buildSettings = {
				CODE_SIGN_ENTITLEMENTS = OneWordWidget/OneWordWidget.entitlements;
				CODE_SIGN_STYLE = Automatic;
				CURRENT_PROJECT_VERSION = 1;
				DEVELOPMENT_TEAM = LAP54KU2SV;
				GENERATE_INFOPLIST_FILE = YES;
				INFOPLIST_FILE = OneWordWidget/Info.plist;
				INFOPLIST_KEY_CFBundleDisplayName = "One Word";
				LD_RUNPATH_SEARCH_PATHS = (
					"$(inherited)",
					"@executable_path/../../../../Frameworks",
				);
				MACOSX_DEPLOYMENT_TARGET = 14.0;
				MARKETING_VERSION = 1.0;
				PRODUCT_BUNDLE_IDENTIFIER = com.hariom.swift.oneword.OneWordWidget;
				PRODUCT_NAME = "$(TARGET_NAME)";
				REGISTER_APP_GROUPS = YES;
				SDKROOT = macosx;
				SKIP_INSTALL = YES;
				SWIFT_DEFAULT_ACTOR_ISOLATION = MainActor;
				SWIFT_EMIT_LOC_STRINGS = YES;
				SWIFT_VERSION = 5.0;
			};
			name = Release;
		};
		6E4058E4C6D2A02EC4912792 /* Debug */ = {
			isa = XCBuildConfiguration;
			buildSettings = {
				CODE_SIGN_ENTITLEMENTS = OneWordWidget/OneWordWidget.entitlements;
				CODE_SIGN_STYLE = Automatic;
				CURRENT_PROJECT_VERSION = 1;
				DEVELOPMENT_TEAM = LAP54KU2SV;
				GENERATE_INFOPLIST_FILE = YES;
				INFOPLIST_FILE = OneWordWidget/Info.plist;
				INFOPLIST_KEY_CFBundleDisplayName = "One Word";
				LD_RUNPATH_SEARCH_PATHS = (
					"$(inherited)",
					"@executable_path/../../../../Frameworks",
				);
				MACOSX_DEPLOYMENT_TARGET = 14.0;
				MARKETING_VERSION = 1.0;
				PRODUCT_BUNDLE_IDENTIFIER = com.hariom.swift.oneword.OneWordWidget;
				PRODUCT_NAME = "$(TARGET_NAME)";
				REGISTER_APP_GROUPS = YES;
				SDKROOT = macosx;
				SKIP_INSTALL = YES;
				SWIFT_DEFAULT_ACTOR_ISOLATION = MainActor;
				SWIFT_EMIT_LOC_STRINGS = YES;
				SWIFT_VERSION = 5.0;
			};
			name = Debug;
		};
		BFCC5B5F3011545700C0FE1F /* Debug */ = {
			isa = XCBuildConfiguration;
			buildSettings = {
				ALWAYS_SEARCH_USER_PATHS = NO;
				ASSETCATALOG_COMPILER_GENERATE_SWIFT_ASSET_SYMBOL_EXTENSIONS = YES;
				CLANG_ANALYZER_NONNULL = YES;
				CLANG_ANALYZER_NUMBER_OBJECT_CONVERSION = YES_AGGRESSIVE;
				CLANG_CXX_LANGUAGE_STANDARD = "gnu++20";
				CLANG_ENABLE_MODULES = YES;
				CLANG_ENABLE_OBJC_ARC = YES;
				CLANG_ENABLE_OBJC_WEAK = YES;
				CLANG_WARN_BLOCK_CAPTURE_AUTORELEASING = YES;
				CLANG_WARN_BOOL_CONVERSION = YES;
				CLANG_WARN_COMMA = YES;
				CLANG_WARN_CONSTANT_CONVERSION = YES;
				CLANG_WARN_DEPRECATED_OBJC_IMPLEMENTATIONS = YES;
				CLANG_WARN_DIRECT_OBJC_ISA_USAGE = YES_ERROR;
				CLANG_WARN_DOCUMENTATION_COMMENTS = YES;
				CLANG_WARN_EMPTY_BODY = YES;
				CLANG_WARN_ENUM_CONVERSION = YES;
				CLANG_WARN_INFINITE_RECURSION = YES;
				CLANG_WARN_INT_CONVERSION = YES;
				CLANG_WARN_NON_LITERAL_NULL_CONVERSION = YES;
				CLANG_WARN_OBJC_IMPLICIT_RETAIN_SELF = YES;
				CLANG_WARN_OBJC_LITERAL_CONVERSION = YES;
				CLANG_WARN_OBJC_ROOT_CLASS = YES_ERROR;
				CLANG_WARN_QUOTED_INCLUDE_IN_FRAMEWORK_HEADER = YES;
				CLANG_WARN_RANGE_LOOP_ANALYSIS = YES;
				CLANG_WARN_STRICT_PROTOTYPES = YES;
				CLANG_WARN_SUSPICIOUS_MOVE = YES;
				CLANG_WARN_UNGUARDED_AVAILABILITY = YES_AGGRESSIVE;
				CLANG_WARN_UNREACHABLE_CODE = YES;
				CLANG_WARN__DUPLICATE_METHOD_MATCH = YES;
				COPY_PHASE_STRIP = NO;
				DEBUG_INFORMATION_FORMAT = dwarf;
				DEVELOPMENT_TEAM = LAP54KU2SV;
				ENABLE_STRICT_OBJC_MSGSEND = YES;
				ENABLE_TESTABILITY = YES;
				ENABLE_USER_SCRIPT_SANDBOXING = YES;
				GCC_C_LANGUAGE_STANDARD = gnu17;
				GCC_DYNAMIC_NO_PIC = NO;
				GCC_NO_COMMON_BLOCKS = YES;
				GCC_OPTIMIZATION_LEVEL = 0;
				GCC_PREPROCESSOR_DEFINITIONS = (
					"DEBUG=1",
					"$(inherited)",
				);
				GCC_WARN_64_TO_32_BIT_CONVERSION = YES;
				GCC_WARN_ABOUT_RETURN_TYPE = YES_ERROR;
				GCC_WARN_UNDECLARED_SELECTOR = YES;
				GCC_WARN_UNINITIALIZED_AUTOS = YES_AGGRESSIVE;
				GCC_WARN_UNUSED_FUNCTION = YES;
				GCC_WARN_UNUSED_VARIABLE = YES;
				LOCALIZATION_PREFERS_STRING_CATALOGS = YES;
				MACOSX_DEPLOYMENT_TARGET = 14.0;
				MTL_ENABLE_DEBUG_INFO = INCLUDE_SOURCE;
				MTL_FAST_MATH = YES;
				ONLY_ACTIVE_ARCH = YES;
				SDKROOT = macosx;
				SWIFT_ACTIVE_COMPILATION_CONDITIONS = "DEBUG $(inherited)";
				SWIFT_OPTIMIZATION_LEVEL = "-Onone";
			};
			name = Debug;
		};
		BFCC5B603011545700C0FE1F /* Release */ = {
			isa = XCBuildConfiguration;
			buildSettings = {
				ALWAYS_SEARCH_USER_PATHS = NO;
				ASSETCATALOG_COMPILER_GENERATE_SWIFT_ASSET_SYMBOL_EXTENSIONS = YES;
				CLANG_ANALYZER_NONNULL = YES;
				CLANG_ANALYZER_NUMBER_OBJECT_CONVERSION = YES_AGGRESSIVE;
				CLANG_CXX_LANGUAGE_STANDARD = "gnu++20";
				CLANG_ENABLE_MODULES = YES;
				CLANG_ENABLE_OBJC_ARC = YES;
				CLANG_ENABLE_OBJC_WEAK = YES;
				CLANG_WARN_BLOCK_CAPTURE_AUTORELEASING = YES;
				CLANG_WARN_BOOL_CONVERSION = YES;
				CLANG_WARN_COMMA = YES;
				CLANG_WARN_CONSTANT_CONVERSION = YES;
				CLANG_WARN_DEPRECATED_OBJC_IMPLEMENTATIONS = YES;
				CLANG_WARN_DIRECT_OBJC_ISA_USAGE = YES_ERROR;
				CLANG_WARN_DOCUMENTATION_COMMENTS = YES;
				CLANG_WARN_EMPTY_BODY = YES;
				CLANG_WARN_ENUM_CONVERSION = YES;
				CLANG_WARN_INFINITE_RECURSION = YES;
				CLANG_WARN_INT_CONVERSION = YES;
				CLANG_WARN_NON_LITERAL_NULL_CONVERSION = YES;
				CLANG_WARN_OBJC_IMPLICIT_RETAIN_SELF = YES;
				CLANG_WARN_OBJC_LITERAL_CONVERSION = YES;
				CLANG_WARN_OBJC_ROOT_CLASS = YES_ERROR;
				CLANG_WARN_QUOTED_INCLUDE_IN_FRAMEWORK_HEADER = YES;
				CLANG_WARN_RANGE_LOOP_ANALYSIS = YES;
				CLANG_WARN_STRICT_PROTOTYPES = YES;
				CLANG_WARN_SUSPICIOUS_MOVE = YES;
				CLANG_WARN_UNGUARDED_AVAILABILITY = YES_AGGRESSIVE;
				CLANG_WARN_UNREACHABLE_CODE = YES;
				CLANG_WARN__DUPLICATE_METHOD_MATCH = YES;
				COPY_PHASE_STRIP = NO;
				DEBUG_INFORMATION_FORMAT = "dwarf-with-dsym";
				DEVELOPMENT_TEAM = LAP54KU2SV;
				ENABLE_NS_ASSERTIONS = NO;
				ENABLE_STRICT_OBJC_MSGSEND = YES;
				ENABLE_USER_SCRIPT_SANDBOXING = YES;
				GCC_C_LANGUAGE_STANDARD = gnu17;
				GCC_NO_COMMON_BLOCKS = YES;
				GCC_WARN_64_TO_32_BIT_CONVERSION = YES;
				GCC_WARN_ABOUT_RETURN_TYPE = YES_ERROR;
				GCC_WARN_UNDECLARED_SELECTOR = YES;
				GCC_WARN_UNINITIALIZED_AUTOS = YES_AGGRESSIVE;
				GCC_WARN_UNUSED_FUNCTION = YES;
				GCC_WARN_UNUSED_VARIABLE = YES;
				LOCALIZATION_PREFERS_STRING_CATALOGS = YES;
				MACOSX_DEPLOYMENT_TARGET = 14.0;
				MTL_ENABLE_DEBUG_INFO = NO;
				MTL_FAST_MATH = YES;
				SDKROOT = macosx;
				SWIFT_COMPILATION_MODE = wholemodule;
				VALIDATE_PRODUCT = YES;
			};
			name = Release;
		};
		BFCC5B623011545700C0FE1F /* Debug */ = {
			isa = XCBuildConfiguration;
			buildSettings = {
				ASSETCATALOG_COMPILER_APPICON_NAME = AppIcon;
				ASSETCATALOG_COMPILER_GLOBAL_ACCENT_COLOR_NAME = AccentColor;
				ASSETCATALOG_COMPILER_STANDALONE_ICON_BEHAVIOR = all;
				CODE_SIGN_ENTITLEMENTS = OneWord/OneWord.entitlements;
				CODE_SIGN_STYLE = Automatic;
				CURRENT_PROJECT_VERSION = 1;
				DEVELOPMENT_TEAM = LAP54KU2SV;
				ENABLE_PREVIEWS = YES;
				GENERATE_INFOPLIST_FILE = YES;
				INFOPLIST_FILE = OneWord/Info.plist;
				INFOPLIST_KEY_CFBundleDisplayName = "One Word";
				INFOPLIST_KEY_LSApplicationCategoryType = "public.app-category.education";
				INFOPLIST_KEY_UIApplicationSceneManifest_Generation = YES;
				INFOPLIST_KEY_UIApplicationSupportsIndirectInputEvents = YES;
				INFOPLIST_KEY_UILaunchScreen_Generation = YES;
				INFOPLIST_KEY_UISupportedInterfaceOrientations_iPad = "UIInterfaceOrientationPortrait UIInterfaceOrientationPortraitUpsideDown UIInterfaceOrientationLandscapeLeft UIInterfaceOrientationLandscapeRight";
				INFOPLIST_KEY_UISupportedInterfaceOrientations_iPhone = "UIInterfaceOrientationPortrait UIInterfaceOrientationLandscapeLeft UIInterfaceOrientationLandscapeRight";
				LD_RUNPATH_SEARCH_PATHS = (
					"$(inherited)",
					"@executable_path/Frameworks",
				);
				MARKETING_VERSION = 1.0;
				PRODUCT_BUNDLE_IDENTIFIER = com.hariom.swift.oneword;
				PRODUCT_NAME = "One Word";
				STRING_CATALOG_GENERATE_SYMBOLS = YES;
				SWIFT_APPROACHABLE_CONCURRENCY = YES;
				SWIFT_DEFAULT_ACTOR_ISOLATION = MainActor;
				SWIFT_EMIT_LOC_STRINGS = YES;
				SWIFT_UPCOMING_FEATURE_MEMBER_IMPORT_VISIBILITY = YES;
				SWIFT_VERSION = 5.0;
				TARGETED_DEVICE_FAMILY = "1,2";
			};
			name = Debug;
		};
		BFCC5B633011545700C0FE1F /* Release */ = {
			isa = XCBuildConfiguration;
			buildSettings = {
				ASSETCATALOG_COMPILER_APPICON_NAME = AppIcon;
				ASSETCATALOG_COMPILER_GLOBAL_ACCENT_COLOR_NAME = AccentColor;
				ASSETCATALOG_COMPILER_STANDALONE_ICON_BEHAVIOR = all;
				CODE_SIGN_ENTITLEMENTS = OneWord/OneWord.entitlements;
				CODE_SIGN_STYLE = Automatic;
				CURRENT_PROJECT_VERSION = 1;
				DEVELOPMENT_TEAM = LAP54KU2SV;
				ENABLE_PREVIEWS = YES;
				GENERATE_INFOPLIST_FILE = YES;
				INFOPLIST_FILE = OneWord/Info.plist;
				INFOPLIST_KEY_CFBundleDisplayName = "One Word";
				INFOPLIST_KEY_LSApplicationCategoryType = "public.app-category.education";
				INFOPLIST_KEY_UIApplicationSceneManifest_Generation = YES;
				INFOPLIST_KEY_UIApplicationSupportsIndirectInputEvents = YES;
				INFOPLIST_KEY_UILaunchScreen_Generation = YES;
				INFOPLIST_KEY_UISupportedInterfaceOrientations_iPad = "UIInterfaceOrientationPortrait UIInterfaceOrientationPortraitUpsideDown UIInterfaceOrientationLandscapeLeft UIInterfaceOrientationLandscapeRight";
				INFOPLIST_KEY_UISupportedInterfaceOrientations_iPhone = "UIInterfaceOrientationPortrait UIInterfaceOrientationLandscapeLeft UIInterfaceOrientationLandscapeRight";
				LD_RUNPATH_SEARCH_PATHS = (
					"$(inherited)",
					"@executable_path/Frameworks",
				);
				MARKETING_VERSION = 1.0;
				PRODUCT_BUNDLE_IDENTIFIER = com.hariom.swift.oneword;
				PRODUCT_NAME = "One Word";
				STRING_CATALOG_GENERATE_SYMBOLS = YES;
				SWIFT_APPROACHABLE_CONCURRENCY = YES;
				SWIFT_DEFAULT_ACTOR_ISOLATION = MainActor;
				SWIFT_EMIT_LOC_STRINGS = YES;
				SWIFT_UPCOMING_FEATURE_MEMBER_IMPORT_VISIBILITY = YES;
				SWIFT_VERSION = 5.0;
				TARGETED_DEVICE_FAMILY = "1,2";
			};
			name = Release;
		};
/* End XCBuildConfiguration section */

/* Begin XCConfigurationList section */
		BFCC5B513011545500C0FE1F /* Build configuration list for PBXProject "OneWord" */ = {
			isa = XCConfigurationList;
			buildConfigurations = (
				BFCC5B5F3011545700C0FE1F /* Debug */,
				BFCC5B603011545700C0FE1F /* Release */,
			);
			defaultConfigurationIsVisible = 0;
			defaultConfigurationName = Release;
		};
		BFCC5B613011545700C0FE1F /* Build configuration list for PBXNativeTarget "OneWord" */ = {
			isa = XCConfigurationList;
			buildConfigurations = (
				BFCC5B623011545700C0FE1F /* Debug */,
				BFCC5B633011545700C0FE1F /* Release */,
			);
			defaultConfigurationIsVisible = 0;
			defaultConfigurationName = Release;
		};
		F5B7CB5A41B8B8981B84408D /* Build configuration list for PBXNativeTarget "OneWordWidget" */ = {
			isa = XCConfigurationList;
			buildConfigurations = (
				1A646EB0B06C7F570AD661CC /* Release */,
				6E4058E4C6D2A02EC4912792 /* Debug */,
			);
			defaultConfigurationIsVisible = 0;
			defaultConfigurationName = Release;
		};
/* End XCConfigurationList section */
	};
	rootObject = BFCC5B4E3011545500C0FE1F /* Project object */;
}
